
Microsoft Visual Studio Solution File, Format Version 12.00
# Visual Studio Version 16
VisualStudioVersion = 16.0.30517.126
MinimumVisualStudioVersion = 10.0.40219.1
Project("{FAE04EC0-301F-11D3-BF4B-00C04F79EFBC}") = "Z2", "Z2.csproj", "{6572FB78-6E42-4E85-9864-3C4389ACCBCF}"
EndProject
Global
	GlobalSection(SolutionConfigurationPlatforms) = preSolution
		Debug|Any CPU = Debug|Any CPU
		Release|Any CPU = Release|Any CPU
	EndGlobalSection
	GlobalSection(ProjectConfigurationPlatforms) = postSolution
		{6572FB78-6E42-4E85-9864-3C4389ACCBCF}.Debug|Any CPU.ActiveCfg = Debug|Any CPU
		{6572FB78-6E42-4E85-9864-3C4389ACCBCF}.Debug|Any CPU.Build.0 = Debug|Any CPU
		{6572FB78-6E42-4E85-9864-3C4389ACCBCF}.Release|Any CPU.ActiveCfg = Release|Any CPU
		{6572FB78-6E42-4E85-9864-3C4389ACCBCF}.Release|Any CPU.Build.0 = Release|Any CPU
	EndGlobalSection
	GlobalSection(SolutionProperties) = preSolution
		HideSolutionNode = FALSE
	EndGlobalSection
	GlobalSection(ExtensibilityGlobals) = postSolution
		SolutionGuid = {55602360-ED2C-4C7C-AF4D-C6877844523E}
	EndGlobalSection
EndGlobal
