
Microsoft Visual Studio Solution File, Format Version 12.00
# Visual Studio Version 16
VisualStudioVersion = 16.0.30523.141
MinimumVisualStudioVersion = 10.0.40219.1
Project("{FAE04EC0-301F-11D3-BF4B-00C04F79EFBC}") = "Z3", "Z3.csproj", "{D2A2D7BC-3B2D-4DB8-A4B7-CE43D9B5AF10}"
EndProject
Global
	GlobalSection(SolutionConfigurationPlatforms) = preSolution
		Debug|Any CPU = Debug|Any CPU
		Release|Any CPU = Release|Any CPU
	EndGlobalSection
	GlobalSection(ProjectConfigurationPlatforms) = postSolution
		{D2A2D7BC-3B2D-4DB8-A4B7-CE43D9B5AF10}.Debug|Any CPU.ActiveCfg = Debug|Any CPU
		{D2A2D7BC-3B2D-4DB8-A4B7-CE43D9B5AF10}.Debug|Any CPU.Build.0 = Debug|Any CPU
		{D2A2D7BC-3B2D-4DB8-A4B7-CE43D9B5AF10}.Release|Any CPU.ActiveCfg = Release|Any CPU
		{D2A2D7BC-3B2D-4DB8-A4B7-CE43D9B5AF10}.Release|Any CPU.Build.0 = Release|Any CPU
	EndGlobalSection
	GlobalSection(SolutionProperties) = preSolution
		HideSolutionNode = FALSE
	EndGlobalSection
	GlobalSection(ExtensibilityGlobals) = postSolution
		SolutionGuid = {E2B3E89C-3693-48F5-B371-76D2965C219B}
	EndGlobalSection
EndGlobal
