
Microsoft Visual Studio Solution File, Format Version 12.00
# Visual Studio Version 16
VisualStudioVersion = 16.0.30523.141
MinimumVisualStudioVersion = 10.0.40219.1
Project("{FAE04EC0-301F-11D3-BF4B-00C04F79EFBC}") = "Z3", "Z3.csproj", "{8CAB03C8-21ED-45A0-AF72-2ABCE0D8B2F6}"
EndProject
Global
	GlobalSection(SolutionConfigurationPlatforms) = preSolution
		Debug|Any CPU = Debug|Any CPU
		Release|Any CPU = Release|Any CPU
	EndGlobalSection
	GlobalSection(ProjectConfigurationPlatforms) = postSolution
		{8CAB03C8-21ED-45A0-AF72-2ABCE0D8B2F6}.Debug|Any CPU.ActiveCfg = Debug|Any CPU
		{8CAB03C8-21ED-45A0-AF72-2ABCE0D8B2F6}.Debug|Any CPU.Build.0 = Debug|Any CPU
		{8CAB03C8-21ED-45A0-AF72-2ABCE0D8B2F6}.Release|Any CPU.ActiveCfg = Release|Any CPU
		{8CAB03C8-21ED-45A0-AF72-2ABCE0D8B2F6}.Release|Any CPU.Build.0 = Release|Any CPU
	EndGlobalSection
	GlobalSection(SolutionProperties) = preSolution
		HideSolutionNode = FALSE
	EndGlobalSection
	GlobalSection(ExtensibilityGlobals) = postSolution
		SolutionGuid = {9CF5F5E7-CA21-4138-84E5-2DA5BC2E9E31}
	EndGlobalSection
EndGlobal
