
Microsoft Visual Studio Solution File, Format Version 12.00
# Visual Studio Version 16
VisualStudioVersion = 16.0.30523.141
MinimumVisualStudioVersion = 10.0.40219.1
Project("{FAE04EC0-301F-11D3-BF4B-00C04F79EFBC}") = "ZD2", "ZD2.csproj", "{96AAFDD8-0CA0-4B25-AD5B-4785ABBFFE8A}"
EndProject
Global
	GlobalSection(SolutionConfigurationPlatforms) = preSolution
		Debug|Any CPU = Debug|Any CPU
		Release|Any CPU = Release|Any CPU
	EndGlobalSection
	GlobalSection(ProjectConfigurationPlatforms) = postSolution
		{96AAFDD8-0CA0-4B25-AD5B-4785ABBFFE8A}.Debug|Any CPU.ActiveCfg = Debug|Any CPU
		{96AAFDD8-0CA0-4B25-AD5B-4785ABBFFE8A}.Debug|Any CPU.Build.0 = Debug|Any CPU
		{96AAFDD8-0CA0-4B25-AD5B-4785ABBFFE8A}.Release|Any CPU.ActiveCfg = Release|Any CPU
		{96AAFDD8-0CA0-4B25-AD5B-4785ABBFFE8A}.Release|Any CPU.Build.0 = Release|Any CPU
	EndGlobalSection
	GlobalSection(SolutionProperties) = preSolution
		HideSolutionNode = FALSE
	EndGlobalSection
	GlobalSection(ExtensibilityGlobals) = postSolution
		SolutionGuid = {7077EC33-6853-4EC0-90A4-D67BF7E3F80C}
	EndGlobalSection
EndGlobal
