
Microsoft Visual Studio Solution File, Format Version 12.00
# Visual Studio Version 16
VisualStudioVersion = 16.0.30709.132
MinimumVisualStudioVersion = 10.0.40219.1
Project("{FAE04EC0-301F-11D3-BF4B-00C04F79EFBC}") = "Z5", "Z5.csproj", "{B91C76FB-2223-4784-A7AD-7F2E69D73F2B}"
EndProject
Global
	GlobalSection(SolutionConfigurationPlatforms) = preSolution
		Debug|Any CPU = Debug|Any CPU
		Release|Any CPU = Release|Any CPU
	EndGlobalSection
	GlobalSection(ProjectConfigurationPlatforms) = postSolution
		{B91C76FB-2223-4784-A7AD-7F2E69D73F2B}.Debug|Any CPU.ActiveCfg = Debug|Any CPU
		{B91C76FB-2223-4784-A7AD-7F2E69D73F2B}.Debug|Any CPU.Build.0 = Debug|Any CPU
		{B91C76FB-2223-4784-A7AD-7F2E69D73F2B}.Release|Any CPU.ActiveCfg = Release|Any CPU
		{B91C76FB-2223-4784-A7AD-7F2E69D73F2B}.Release|Any CPU.Build.0 = Release|Any CPU
	EndGlobalSection
	GlobalSection(SolutionProperties) = preSolution
		HideSolutionNode = FALSE
	EndGlobalSection
	GlobalSection(ExtensibilityGlobals) = postSolution
		SolutionGuid = {2C388E1F-3DA3-48C8-895F-3B8351AD7BA6}
	EndGlobalSection
EndGlobal
